// !$*UTF8*$!
{
	archiveVersion = 1;
	classes = {
	};
	objectVersion = 50;
	objects = {

/* Begin PBXBuildFile section */
		F223E5F12389D537009430D9 /* AppDelegate.swift in Sources */ = {isa = PBXBuildFile; fileRef = F223E5F02389D537009430D9 /* AppDelegate.swift */; };
		F223E5F32389D537009430D9 /* SceneDelegate.swift in Sources */ = {isa = PBXBuildFile; fileRef = F223E5F22389D537009430D9 /* SceneDelegate.swift */; };
		F223E5F52389D537009430D9 /* ViewController.swift in Sources */ = {isa = PBXBuildFile; fileRef = F223E5F42389D537009430D9 /* ViewController.swift */; };
		F223E5F82389D537009430D9 /* Main.storyboard in Resources */ = {isa = PBXBuildFile; fileRef = F223E5F62389D537009430D9 /* Main.storyboard */; };
		F223E5FA2389D53A009430D9 /* Assets.xcassets in Resources */ = {isa = PBXBuildFile; fileRef = F223E5F92389D53A009430D9 /* Assets.xcassets */; };
		F223E5FD2389D53A009430D9 /* LaunchScreen.storyboard in Resources */ = {isa = PBXBuildFile; fileRef = F223E5FB2389D53A009430D9 /* LaunchScreen.storyboard */; };
		F223E6052389D85F009430D9 /* SpotifyiOS.framework in Frameworks */ = {isa = PBXBuildFile; fileRef = F223E6042389D85F009430D9 /* SpotifyiOS.framework */; };
/* End PBXBuildFile section */

/* Begin PBXFileReference section */
		F223E5ED2389D537009430D9 /* ox.app */ = {isa = PBXFileReference; explicitFileType = wrapper.application; includeInIndex = 0; path = ox.app; sourceTree = BUILT_PRODUCTS_DIR; };
		F223E5F02389D537009430D9 /* AppDelegate.swift */ = {isa = PBXFileReference; lastKnownFileType = sourcecode.swift; path = AppDelegate.swift; sourceTree = "<group>"; };
		F223E5F22389D537009430D9 /* SceneDelegate.swift */ = {isa = PBXFileReference; lastKnownFileType = sourcecode.swift; path = SceneDelegate.swift; sourceTree = "<group>"; };
		F223E5F42389D537009430D9 /* ViewController.swift */ = {isa = PBXFileReference; lastKnownFileType = sourcecode.swift; path = ViewController.swift; sourceTree = "<group>"; };
		F223E5F72389D537009430D9 /* Base */ = {isa = PBXFileReference; lastKnownFileType = file.storyboard; name = Base; path = Base.lproj/Main.storyboard; sourceTree = "<group>"; };
		F223E5F92389D53A009430D9 /* Assets.xcassets */ = {isa = PBXFileReference; lastKnownFileType = folder.assetcatalog; path = Assets.xcassets; sourceTree = "<group>"; };
		F223E5FC2389D53A009430D9 /* Base */ = {isa = PBXFileReference; lastKnownFileType = file.storyboard; name = Base; path = Base.lproj/LaunchScreen.storyboard; sourceTree = "<group>"; };
		F223E5FE2389D53A009430D9 /* Info.plist */ = {isa = PBXFileReference; lastKnownFileType = text.plist.xml; path = Info.plist; sourceTree = "<group>"; };
		F223E6042389D85F009430D9 /* SpotifyiOS.framework */ = {isa = PBXFileReference; lastKnownFileType = wrapper.framework; path = SpotifyiOS.framework; sourceTree = "<group>"; };
		F223E6062389DA25009430D9 /* ox-bridging-header.h */ = {isa = PBXFileReference; lastKnownFileType = sourcecode.c.h; path = "ox-bridging-header.h"; sourceTree = "<group>"; };
/* End PBXFileReference section */

/* Begin PBXFrameworksBuildPhase section */
		F223E5EA2389D537009430D9 /* Frameworks */ = {
			isa = PBXFrameworksBuildPhase;
			buildActionMask = 2147483647;
			files = (
				F223E6052389D85F009430D9 /* SpotifyiOS.framework in Frameworks */,
			);
			runOnlyForDeploymentPostprocessing = 0;
		};
/* End PBXFrameworksBuildPhase section */

/* Begin PBXGroup section */
		F223E5E42389D537009430D9 = {
			isa = PBXGroup;
			children = (
				F223E5EF2389D537009430D9 /* ox */,
				F223E5EE2389D537009430D9 /* Products */,
			);
			sourceTree = "<group>";
		};
		F223E5EE2389D537009430D9 /* Products */ = {
			isa = PBXGroup;
			children = (
				F223E5ED2389D537009430D9 /* ox.app */,
			);
			name = Products;
			sourceTree = "<group>";
		};
		F223E5EF2389D537009430D9 /* ox */ = {
			isa = PBXGroup;
			children = (
				F223E6062389DA25009430D9 /* ox-bridging-header.h */,
				F223E6042389D85F009430D9 /* SpotifyiOS.framework */,
				F223E5F02389D537009430D9 /* AppDelegate.swift */,
				F223E5F22389D537009430D9 /* SceneDelegate.swift */,
				F223E5F42389D537009430D9 /* ViewController.swift */,
				F223E5F62389D537009430D9 /* Main.storyboard */,
				F223E5F92389D53A009430D9 /* Assets.xcassets */,
				F223E5FB2389D53A009430D9 /* LaunchScreen.storyboard */,
				F223E5FE2389D53A009430D9 /* Info.plist */,
			);
			path = ox;
			sourceTree = "<group>";
		};
/* End PBXGroup section */

/* Begin PBXNativeTarget section */
		F223E5EC2389D537009430D9 /* ox */ = {
			isa = PBXNativeTarget;
			buildConfigurationList = F223E6012389D53A009430D9 /* Build configuration list for PBXNativeTarget "ox" */;
			buildPhases = (
				F223E5E92389D537009430D9 /* Sources */,
				F223E5EA2389D537009430D9 /* Frameworks */,
				F223E5EB2389D537009430D9 /* Resources */,
			);
			buildRules = (
			);
			dependencies = (
			);
			name = ox;
			productName = ox;
			productReference = F223E5ED2389D537009430D9 /* ox.app */;
			productType = "com.apple.product-type.application";
		};
/* End PBXNativeTarget section */

/* Begin PBXProject section */
		F223E5E52389D537009430D9 /* Project object */ = {
			isa = PBXProject;
			attributes = {
				LastSwiftUpdateCheck = 1120;
				LastUpgradeCheck = 1120;
				ORGANIZATIONNAME = "Dominic Holmes";
				TargetAttributes = {
					F223E5EC2389D537009430D9 = {
						CreatedOnToolsVersion = 11.2.1;
					};
				};
			};
			buildConfigurationList = F223E5E82389D537009430D9 /* Build configuration list for PBXProject "ox" */;
			compatibilityVersion = "Xcode 9.3";
			developmentRegion = en;
			hasScannedForEncodings = 0;
			knownRegions = (
				en,
				Base,
			);
			mainGroup = F223E5E42389D537009430D9;
			productRefGroup = F223E5EE2389D537009430D9 /* Products */;
			projectDirPath = "";
			projectRoot = "";
			targets = (
				F223E5EC2389D537009430D9 /* ox */,
			);
		};
/* End PBXProject section */

/* Begin PBXResourcesBuildPhase section */
		F223E5EB2389D537009430D9 /* Resources */ = {
			isa = PBXResourcesBuildPhase;
			buildActionMask = 2147483647;
			files = (
				F223E5FD2389D53A009430D9 /* LaunchScreen.storyboard in Resources */,
				F223E5FA2389D53A009430D9 /* Assets.xcassets in Resources */,
				F223E5F82389D537009430D9 /* Main.storyboard in Resources */,
			);
			runOnlyForDeploymentPostprocessing = 0;
		};
/* End PBXResourcesBuildPhase section */

/* Begin PBXSourcesBuildPhase section */
		F223E5E92389D537009430D9 /* Sources */ = {
			isa = PBXSourcesBuildPhase;
			buildActionMask = 2147483647;
			files = (
				F223E5F52389D537009430D9 /* ViewController.swift in Sources */,
				F223E5F12389D537009430D9 /* AppDelegate.swift in Sources */,
				F223E5F32389D537009430D9 /* SceneDelegate.swift in Sources */,
			);
			runOnlyForDeploymentPostprocessing = 0;
		};
/* End PBXSourcesBuildPhase section */

/* Begin PBXVariantGroup section */
		F223E5F62389D537009430D9 /* Main.storyboard */ = {
			isa = PBXVariantGroup;
			children = (
				F223E5F72389D537009430D9 /* Base */,
			);
			name = Main.storyboard;
			sourceTree = "<group>";
		};
		F223E5FB2389D53A009430D9 /* LaunchScreen.storyboard */ = {
			isa = PBXVariantGroup;
			children = (
				F223E5FC2389D53A009430D9 /* Base */,
			);
			name = LaunchScreen.storyboard;
			sourceTree = "<group>";
		};
/* End PBXVariantGroup section */

/* Begin XCBuildConfiguration section */
		F223E5FF2389D53A009430D9 /* Debug */ = {
			isa = XCBuildConfiguration;
			buildSettings = {
				ALWAYS_SEARCH_USER_PATHS = NO;
				CLANG_ANALYZER_NONNULL = YES;
				CLANG_ANALYZER_NUMBER_OBJECT_CONVERSION = YES_AGGRESSIVE;
				CLANG_CXX_LANGUAGE_STANDARD = "gnu++14";
				CLANG_CXX_LIBRARY = "libc++";
				CLANG_ENABLE_MODULES = YES;
				CLANG_ENABLE_OBJC_ARC = YES;
				CLANG_ENABLE_OBJC_WEAK = YES;
				CLANG_WARN_BLOCK_CAPTURE_AUTORELEASING = YES;
				CLANG_WARN_BOOL_CONVERSION = YES;
				CLANG_WARN_COMMA = YES;
				CLANG_WARN_CONSTANT_CONVERSION = YES;
				CLANG_WARN_DEPRECATED_OBJC_IMPLEMENTATIONS = YES;
				CLANG_WARN_DIRECT_OBJC_ISA_USAGE = YES_ERROR;
				CLANG_WARN_DOCUMENTATION_COMMENTS = YES;
				CLANG_WARN_EMPTY_BODY = YES;
				CLANG_WARN_ENUM_CONVERSION = YES;
				CLANG_WARN_INFINITE_RECURSION = YES;
				CLANG_WARN_INT_CONVERSION = YES;
				CLANG_WARN_NON_LITERAL_NULL_CONVERSION = YES;
				CLANG_WARN_OBJC_IMPLICIT_RETAIN_SELF = YES;
				CLANG_WARN_OBJC_LITERAL_CONVERSION = YES;
				CLANG_WARN_OBJC_ROOT_CLASS = YES_ERROR;
				CLANG_WARN_RANGE_LOOP_ANALYSIS = YES;
				CLANG_WARN_STRICT_PROTOTYPES = YES;
				CLANG_WARN_SUSPICIOUS_MOVE = YES;
				CLANG_WARN_UNGUARDED_AVAILABILITY = YES_AGGRESSIVE;
				CLANG_WARN_UNREACHABLE_CODE = YES;
				CLANG_WARN__DUPLICATE_METHOD_MATCH = YES;
				COPY_PHASE_STRIP = NO;
				DEBUG_INFORMATION_FORMAT = dwarf;
				ENABLE_STRICT_OBJC_MSGSEND = YES;
				ENABLE_TESTABILITY = YES;
				GCC_C_LANGUAGE_STANDARD = gnu11;
				GCC_DYNAMIC_NO_PIC = NO;
				GCC_NO_COMMON_BLOCKS = YES;
				GCC_OPTIMIZATION_LEVEL = 0;
				GCC_PREPROCESSOR_DEFINITIONS = (
					"DEBUG=1",
					"$(inherited)",
				);
				GCC_WARN_64_TO_32_BIT_CONVERSION = YES;
				GCC_WARN_ABOUT_RETURN_TYPE = YES_ERROR;
				GCC_WARN_UNDECLARED_SELECTOR = YES;
				GCC_WARN_UNINITIALIZED_AUTOS = YES_AGGRESSIVE;
				GCC_WARN_UNUSED_FUNCTION = YES;
				GCC_WARN_UNUSED_VARIABLE = YES;
				IPHONEOS_DEPLOYMENT_TARGET = 13.2;
				MTL_ENABLE_DEBUG_INFO = INCLUDE_SOURCE;
				MTL_FAST_MATH = YES;
				ONLY_ACTIVE_ARCH = YES;
				SDKROOT = iphoneos;
				SWIFT_ACTIVE_COMPILATION_CONDITIONS = DEBUG;
				SWIFT_OPTIMIZATION_LEVEL = "-Onone";
			};
			name = Debug;
		};
		F223E6002389D53A009430D9 /* Release */ = {
			isa = XCBuildConfiguration;
			buildSettings = {
				ALWAYS_SEARCH_USER_PATHS = NO;
				CLANG_ANALYZER_NONNULL = YES;
				CLANG_ANALYZER_NUMBER_OBJECT_CONVERSION = YES_AGGRESSIVE;
				CLANG_CXX_LANGUAGE_STANDARD = "gnu++14";
				CLANG_CXX_LIBRARY = "libc++";
				CLANG_ENABLE_MODULES = YES;
				CLANG_ENABLE_OBJC_ARC = YES;
				CLANG_ENABLE_OBJC_WEAK = YES;
				CLANG_WARN_BLOCK_CAPTURE_AUTORELEASING = YES;
				CLANG_WARN_BOOL_CONVERSION = YES;
				CLANG_WARN_COMMA = YES;
				CLANG_WARN_CONSTANT_CONVERSION = YES;
				CLANG_WARN_DEPRECATED_OBJC_IMPLEMENTATIONS = YES;
				CLANG_WARN_DIRECT_OBJC_ISA_USAGE = YES_ERROR;
				CLANG_WARN_DOCUMENTATION_COMMENTS = YES;
				CLANG_WARN_EMPTY_BODY = YES;
				CLANG_WARN_ENUM_CONVERSION = YES;
				CLANG_WARN_INFINITE_RECURSION = YES;
				CLANG_WARN_INT_CONVERSION = YES;
				CLANG_WARN_NON_LITERAL_NULL_CONVERSION = YES;
				CLANG_WARN_OBJC_IMPLICIT_RETAIN_SELF = YES;
				CLANG_WARN_OBJC_LITERAL_CONVERSION = YES;
				CLANG_WARN_OBJC_ROOT_CLASS = YES_ERROR;
				CLANG_WARN_RANGE_LOOP_ANALYSIS = YES;
				CLANG_WARN_STRICT_PROTOTYPES = YES;
				CLANG_WARN_SUSPICIOUS_MOVE = YES;
				CLANG_WARN_UNGUARDED_AVAILABILITY = YES_AGGRESSIVE;
				CLANG_WARN_UNREACHABLE_CODE = YES;
				CLANG_WARN__DUPLICATE_METHOD_MATCH = YES;
				COPY_PHASE_STRIP = NO;
				DEBUG_INFORMATION_FORMAT = "dwarf-with-dsym";
				ENABLE_NS_ASSERTIONS = NO;
				ENABLE_STRICT_OBJC_MSGSEND = YES;
				GCC_C_LANGUAGE_STANDARD = gnu11;
				GCC_NO_COMMON_BLOCKS = YES;
				GCC_WARN_64_TO_32_BIT_CONVERSION = YES;
				GCC_WARN_ABOUT_RETURN_TYPE = YES_ERROR;
				GCC_WARN_UNDECLARED_SELECTOR = YES;
				GCC_WARN_UNINITIALIZED_AUTOS = YES_AGGRESSIVE;
				GCC_WARN_UNUSED_FUNCTION = YES;
				GCC_WARN_UNUSED_VARIABLE = YES;
				IPHONEOS_DEPLOYMENT_TARGET = 13.2;
				MTL_ENABLE_DEBUG_INFO = NO;
				MTL_FAST_MATH = YES;
				SDKROOT = iphoneos;
				SWIFT_COMPILATION_MODE = wholemodule;
				SWIFT_OPTIMIZATION_LEVEL = "-O";
				VALIDATE_PRODUCT = YES;
			};
			name = Release;
		};
		F223E6022389D53A009430D9 /* Debug */ = {
			isa = XCBuildConfiguration;
			buildSettings = {
				ASSETCATALOG_COMPILER_APPICON_NAME = AppIcon;
				CODE_SIGN_STYLE = Automatic;
				DEVELOPMENT_TEAM = 374VQ98E23;
				FRAMEWORK_SEARCH_PATHS = (
					"$(inherited)",
					"$(PROJECT_DIR)/ox",
				);
				INFOPLIST_FILE = ox/Info.plist;
				LD_RUNPATH_SEARCH_PATHS = (
					"$(inherited)",
					"@executable_path/Frameworks",
				);
				OTHER_LDFLAGS = "-ObjC";
				PRODUCT_BUNDLE_IDENTIFIER = land.dominic.ox;
				PRODUCT_NAME = "$(TARGET_NAME)";
				SWIFT_OBJC_BRIDGING_HEADER = "ox/ox-bridging-header.h";
				SWIFT_VERSION = 5.0;
				TARGETED_DEVICE_FAMILY = "1,2";
			};
			name = Debug;
		};
		F223E6032389D53A009430D9 /* Release */ = {
			isa = XCBuildConfiguration;
			buildSettings = {
				ASSETCATALOG_COMPILER_APPICON_NAME = AppIcon;
				CODE_SIGN_STYLE = Automatic;
				DEVELOPMENT_TEAM = 374VQ98E23;
				FRAMEWORK_SEARCH_PATHS = (
					"$(inherited)",
					"$(PROJECT_DIR)/ox",
				);
				INFOPLIST_FILE = ox/Info.plist;
				LD_RUNPATH_SEARCH_PATHS = (
					"$(inherited)",
					"@executable_path/Frameworks",
				);
				OTHER_LDFLAGS = "-ObjC";
				PRODUCT_BUNDLE_IDENTIFIER = land.dominic.ox;
				PRODUCT_NAME = "$(TARGET_NAME)";
				SWIFT_OBJC_BRIDGING_HEADER = "ox/ox-bridging-header.h";
				SWIFT_VERSION = 5.0;
				TARGETED_DEVICE_FAMILY = "1,2";
			};
			name = Release;
		};
/* End XCBuildConfiguration section */

/* Begin XCConfigurationList section */
		F223E5E82389D537009430D9 /* Build configuration list for PBXProject "ox" */ = {
			isa = XCConfigurationList;
			buildConfigurations = (
				F223E5FF2389D53A009430D9 /* Debug */,
				F223E6002389D53A009430D9 /* Release */,
			);
			defaultConfigurationIsVisible = 0;
			defaultConfigurationName = Release;
		};
		F223E6012389D53A009430D9 /* Build configuration list for PBXNativeTarget "ox" */ = {
			isa = XCConfigurationList;
			buildConfigurations = (
				F223E6022389D53A009430D9 /* Debug */,
				F223E6032389D53A009430D9 /* Release */,
			);
			defaultConfigurationIsVisible = 0;
			defaultConfigurationName = Release;
		};
/* End XCConfigurationList section */
	};
	rootObject = F223E5E52389D537009430D9 /* Project object */;
}
